// !$*UTF8*$!
{
	archiveVersion = 1;
	classes = {
	};
	objectVersion = 50;
	objects = {

/* Begin PBXBuildFile section */
		865A3538249CBD2B00BD1FDC /* CoreGraphicsExtensions.swift in Sources */ = {isa = PBXBuildFile; fileRef = 865A3537249CBD2B00BD1FDC /* CoreGraphicsExtensions.swift */; };
		86B8F2082499D06F006308E9 /* AppDelegate.swift in Sources */ = {isa = PBXBuildFile; fileRef = 86B8F2072499D06F006308E9 /* AppDelegate.swift */; };
		86B8F20C2499D06F006308E9 /* ViewController.swift in Sources */ = {isa = PBXBuildFile; fileRef = 86B8F20B2499D06F006308E9 /* ViewController.swift */; };
		86B8F20F2499D06F006308E9 /* Main.storyboard in Resources */ = {isa = PBXBuildFile; fileRef = 86B8F20D2499D06F006308E9 /* Main.storyboard */; };
		86B8F2112499D073006308E9 /* Assets.xcassets in Resources */ = {isa = PBXBuildFile; fileRef = 86B8F2102499D073006308E9 /* Assets.xcassets */; };
		86B8F2142499D073006308E9 /* LaunchScreen.storyboard in Resources */ = {isa = PBXBuildFile; fileRef = 86B8F2122499D073006308E9 /* LaunchScreen.storyboard */; };
		86B8F21F2499D073006308E9 /* VisionRectangleTrackingTests.swift in Sources */ = {isa = PBXBuildFile; fileRef = 86B8F21E2499D073006308E9 /* VisionRectangleTrackingTests.swift */; };
		86B8F22A2499D073006308E9 /* VisionRectangleTrackingUITests.swift in Sources */ = {isa = PBXBuildFile; fileRef = 86B8F2292499D073006308E9 /* VisionRectangleTrackingUITests.swift */; };
/* End PBXBuildFile section */

/* Begin PBXContainerItemProxy section */
		86B8F21B2499D073006308E9 /* PBXContainerItemProxy */ = {
			isa = PBXContainerItemProxy;
			containerPortal = 86B8F1FC2499D06F006308E9 /* Project object */;
			proxyType = 1;
			remoteGlobalIDString = 86B8F2032499D06F006308E9;
			remoteInfo = VisionRectangleTracking;
		};
		86B8F2262499D073006308E9 /* PBXContainerItemProxy */ = {
			isa = PBXContainerItemProxy;
			containerPortal = 86B8F1FC2499D06F006308E9 /* Project object */;
			proxyType = 1;
			remoteGlobalIDString = 86B8F2032499D06F006308E9;
			remoteInfo = VisionRectangleTracking;
		};
/* End PBXContainerItemProxy section */

/* Begin PBXFileReference section */
		865A3537249CBD2B00BD1FDC /* CoreGraphicsExtensions.swift */ = {isa = PBXFileReference; lastKnownFileType = sourcecode.swift; path = CoreGraphicsExtensions.swift; sourceTree = "<group>"; };
		86B8F2042499D06F006308E9 /* VisionRectangleTracking.app */ = {isa = PBXFileReference; explicitFileType = wrapper.application; includeInIndex = 0; path = VisionRectangleTracking.app; sourceTree = BUILT_PRODUCTS_DIR; };
		86B8F2072499D06F006308E9 /* AppDelegate.swift */ = {isa = PBXFileReference; lastKnownFileType = sourcecode.swift; path = AppDelegate.swift; sourceTree = "<group>"; };
		86B8F20B2499D06F006308E9 /* ViewController.swift */ = {isa = PBXFileReference; lastKnownFileType = sourcecode.swift; path = ViewController.swift; sourceTree = "<group>"; };
		86B8F20E2499D06F006308E9 /* Base */ = {isa = PBXFileReference; lastKnownFileType = file.storyboard; name = Base; path = Base.lproj/Main.storyboard; sourceTree = "<group>"; };
		86B8F2102499D073006308E9 /* Assets.xcassets */ = {isa = PBXFileReference; lastKnownFileType = folder.assetcatalog; path = Assets.xcassets; sourceTree = "<group>"; };
		86B8F2132499D073006308E9 /* Base */ = {isa = PBXFileReference; lastKnownFileType = file.storyboard; name = Base; path = Base.lproj/LaunchScreen.storyboard; sourceTree = "<group>"; };
		86B8F2152499D073006308E9 /* Info.plist */ = {isa = PBXFileReference; lastKnownFileType = text.plist.xml; path = Info.plist; sourceTree = "<group>"; };
		86B8F21A2499D073006308E9 /* VisionRectangleTrackingTests.xctest */ = {isa = PBXFileReference; explicitFileType = wrapper.cfbundle; includeInIndex = 0; path = VisionRectangleTrackingTests.xctest; sourceTree = BUILT_PRODUCTS_DIR; };
		86B8F21E2499D073006308E9 /* VisionRectangleTrackingTests.swift */ = {isa = PBXFileReference; lastKnownFileType = sourcecode.swift; path = VisionRectangleTrackingTests.swift; sourceTree = "<group>"; };
		86B8F2202499D073006308E9 /* Info.plist */ = {isa = PBXFileReference; lastKnownFileType = text.plist.xml; path = Info.plist; sourceTree = "<group>"; };
		86B8F2252499D073006308E9 /* VisionRectangleTrackingUITests.xctest */ = {isa = PBXFileReference; explicitFileType = wrapper.cfbundle; includeInIndex = 0; path = VisionRectangleTrackingUITests.xctest; sourceTree = BUILT_PRODUCTS_DIR; };
		86B8F2292499D073006308E9 /* VisionRectangleTrackingUITests.swift */ = {isa = PBXFileReference; lastKnownFileType = sourcecode.swift; path = VisionRectangleTrackingUITests.swift; sourceTree = "<group>"; };
		86B8F22B2499D073006308E9 /* Info.plist */ = {isa = PBXFileReference; lastKnownFileType = text.plist.xml; path = Info.plist; sourceTree = "<group>"; };
/* End PBXFileReference section */

/* Begin PBXFrameworksBuildPhase section */
		86B8F2012499D06F006308E9 /* Frameworks */ = {
			isa = PBXFrameworksBuildPhase;
			buildActionMask = 2147483647;
			files = (
			);
			runOnlyForDeploymentPostprocessing = 0;
		};
		86B8F2172499D073006308E9 /* Frameworks */ = {
			isa = PBXFrameworksBuildPhase;
			buildActionMask = 2147483647;
			files = (
			);
			runOnlyForDeploymentPostprocessing = 0;
		};
		86B8F2222499D073006308E9 /* Frameworks */ = {
			isa = PBXFrameworksBuildPhase;
			buildActionMask = 2147483647;
			files = (
			);
			runOnlyForDeploymentPostprocessing = 0;
		};
/* End PBXFrameworksBuildPhase section */

/* Begin PBXGroup section */
		86B8F1FB2499D06F006308E9 = {
			isa = PBXGroup;
			children = (
				86B8F2062499D06F006308E9 /* VisionRectangleTracking */,
				86B8F21D2499D073006308E9 /* VisionRectangleTrackingTests */,
				86B8F2282499D073006308E9 /* VisionRectangleTrackingUITests */,
				86B8F2052499D06F006308E9 /* Products */,
			);
			sourceTree = "<group>";
		};
		86B8F2052499D06F006308E9 /* Products */ = {
			isa = PBXGroup;
			children = (
				86B8F2042499D06F006308E9 /* VisionRectangleTracking.app */,
				86B8F21A2499D073006308E9 /* VisionRectangleTrackingTests.xctest */,
				86B8F2252499D073006308E9 /* VisionRectangleTrackingUITests.xctest */,
			);
			name = Products;
			sourceTree = "<group>";
		};
		86B8F2062499D06F006308E9 /* VisionRectangleTracking */ = {
			isa = PBXGroup;
			children = (
				86B8F2072499D06F006308E9 /* AppDelegate.swift */,
				86B8F20B2499D06F006308E9 /* ViewController.swift */,
				865A3537249CBD2B00BD1FDC /* CoreGraphicsExtensions.swift */,
				86B8F20D2499D06F006308E9 /* Main.storyboard */,
				86B8F2102499D073006308E9 /* Assets.xcassets */,
				86B8F2122499D073006308E9 /* LaunchScreen.storyboard */,
				86B8F2152499D073006308E9 /* Info.plist */,
			);
			path = VisionRectangleTracking;
			sourceTree = "<group>";
		};
		86B8F21D2499D073006308E9 /* VisionRectangleTrackingTests */ = {
			isa = PBXGroup;
			children = (
				86B8F21E2499D073006308E9 /* VisionRectangleTrackingTests.swift */,
				86B8F2202499D073006308E9 /* Info.plist */,
			);
			path = VisionRectangleTrackingTests;
			sourceTree = "<group>";
		};
		86B8F2282499D073006308E9 /* VisionRectangleTrackingUITests */ = {
			isa = PBXGroup;
			children = (
				86B8F2292499D073006308E9 /* VisionRectangleTrackingUITests.swift */,
				86B8F22B2499D073006308E9 /* Info.plist */,
			);
			path = VisionRectangleTrackingUITests;
			sourceTree = "<group>";
		};
/* End PBXGroup section */

/* Begin PBXNativeTarget section */
		86B8F2032499D06F006308E9 /* VisionRectangleTracking */ = {
			isa = PBXNativeTarget;
			buildConfigurationList = 86B8F22E2499D073006308E9 /* Build configuration list for PBXNativeTarget "VisionRectangleTracking" */;
			buildPhases = (
				86B8F2002499D06F006308E9 /* Sources */,
				86B8F2012499D06F006308E9 /* Frameworks */,
				86B8F2022499D06F006308E9 /* Resources */,
			);
			buildRules = (
			);
			dependencies = (
			);
			name = VisionRectangleTracking;
			productName = VisionRectangleTracking;
			productReference = 86B8F2042499D06F006308E9 /* VisionRectangleTracking.app */;
			productType = "com.apple.product-type.application";
		};
		86B8F2192499D073006308E9 /* VisionRectangleTrackingTests */ = {
			isa = PBXNativeTarget;
			buildConfigurationList = 86B8F2312499D073006308E9 /* Build configuration list for PBXNativeTarget "VisionRectangleTrackingTests" */;
			buildPhases = (
				86B8F2162499D073006308E9 /* Sources */,
				86B8F2172499D073006308E9 /* Frameworks */,
				86B8F2182499D073006308E9 /* Resources */,
			);
			buildRules = (
			);
			dependencies = (
				86B8F21C2499D073006308E9 /* PBXTargetDependency */,
			);
			name = VisionRectangleTrackingTests;
			productName = VisionRectangleTrackingTests;
			productReference = 86B8F21A2499D073006308E9 /* VisionRectangleTrackingTests.xctest */;
			productType = "com.apple.product-type.bundle.unit-test";
		};
		86B8F2242499D073006308E9 /* VisionRectangleTrackingUITests */ = {
			isa = PBXNativeTarget;
			buildConfigurationList = 86B8F2342499D073006308E9 /* Build configuration list for PBXNativeTarget "VisionRectangleTrackingUITests" */;
			buildPhases = (
				86B8F2212499D073006308E9 /* Sources */,
				86B8F2222499D073006308E9 /* Frameworks */,
				86B8F2232499D073006308E9 /* Resources */,
			);
			buildRules = (
			);
			dependencies = (
				86B8F2272499D073006308E9 /* PBXTargetDependency */,
			);
			name = VisionRectangleTrackingUITests;
			productName = VisionRectangleTrackingUITests;
			productReference = 86B8F2252499D073006308E9 /* VisionRectangleTrackingUITests.xctest */;
			productType = "com.apple.product-type.bundle.ui-testing";
		};
/* End PBXNativeTarget section */

/* Begin PBXProject section */
		86B8F1FC2499D06F006308E9 /* Project object */ = {
			isa = PBXProject;
			attributes = {
				LastSwiftUpdateCheck = 1150;
				LastUpgradeCheck = 1150;
				ORGANIZATIONNAME = VVC;
				TargetAttributes = {
					86B8F2032499D06F006308E9 = {
						CreatedOnToolsVersion = 11.5;
					};
					86B8F2192499D073006308E9 = {
						CreatedOnToolsVersion = 11.5;
						TestTargetID = 86B8F2032499D06F006308E9;
					};
					86B8F2242499D073006308E9 = {
						CreatedOnToolsVersion = 11.5;
						TestTargetID = 86B8F2032499D06F006308E9;
					};
				};
			};
			buildConfigurationList = 86B8F1FF2499D06F006308E9 /* Build configuration list for PBXProject "VisionRectangleTracking" */;
			compatibilityVersion = "Xcode 9.3";
			developmentRegion = en;
			hasScannedForEncodings = 0;
			knownRegions = (
				en,
				Base,
			);
			mainGroup = 86B8F1FB2499D06F006308E9;
			productRefGroup = 86B8F2052499D06F006308E9 /* Products */;
			projectDirPath = "";
			projectRoot = "";
			targets = (
				86B8F2032499D06F006308E9 /* VisionRectangleTracking */,
				86B8F2192499D073006308E9 /* VisionRectangleTrackingTests */,
				86B8F2242499D073006308E9 /* VisionRectangleTrackingUITests */,
			);
		};
/* End PBXProject section */

/* Begin PBXResourcesBuildPhase section */
		86B8F2022499D06F006308E9 /* Resources */ = {
			isa = PBXResourcesBuildPhase;
			buildActionMask = 2147483647;
			files = (
				86B8F2142499D073006308E9 /* LaunchScreen.storyboard in Resources */,
				86B8F2112499D073006308E9 /* Assets.xcassets in Resources */,
				86B8F20F2499D06F006308E9 /* Main.storyboard in Resources */,
			);
			runOnlyForDeploymentPostprocessing = 0;
		};
		86B8F2182499D073006308E9 /* Resources */ = {
			isa = PBXResourcesBuildPhase;
			buildActionMask = 2147483647;
			files = (
			);
			runOnlyForDeploymentPostprocessing = 0;
		};
		86B8F2232499D073006308E9 /* Resources */ = {
			isa = PBXResourcesBuildPhase;
			buildActionMask = 2147483647;
			files = (
			);
			runOnlyForDeploymentPostprocessing = 0;
		};
/* End PBXResourcesBuildPhase section */

/* Begin PBXSourcesBuildPhase section */
		86B8F2002499D06F006308E9 /* Sources */ = {
			isa = PBXSourcesBuildPhase;
			buildActionMask = 2147483647;
			files = (
				86B8F20C2499D06F006308E9 /* ViewController.swift in Sources */,
				86B8F2082499D06F006308E9 /* AppDelegate.swift in Sources */,
				865A3538249CBD2B00BD1FDC /* CoreGraphicsExtensions.swift in Sources */,
			);
			runOnlyForDeploymentPostprocessing = 0;
		};
		86B8F2162499D073006308E9 /* Sources */ = {
			isa = PBXSourcesBuildPhase;
			buildActionMask = 2147483647;
			files = (
				86B8F21F2499D073006308E9 /* VisionRectangleTrackingTests.swift in Sources */,
			);
			runOnlyForDeploymentPostprocessing = 0;
		};
		86B8F2212499D073006308E9 /* Sources */ = {
			isa = PBXSourcesBuildPhase;
			buildActionMask = 2147483647;
			files = (
				86B8F22A2499D073006308E9 /* VisionRectangleTrackingUITests.swift in Sources */,
			);
			runOnlyForDeploymentPostprocessing = 0;
		};
/* End PBXSourcesBuildPhase section */

/* Begin PBXTargetDependency section */
		86B8F21C2499D073006308E9 /* PBXTargetDependency */ = {
			isa = PBXTargetDependency;
			target = 86B8F2032499D06F006308E9 /* VisionRectangleTracking */;
			targetProxy = 86B8F21B2499D073006308E9 /* PBXContainerItemProxy */;
		};
		86B8F2272499D073006308E9 /* PBXTargetDependency */ = {
			isa = PBXTargetDependency;
			target = 86B8F2032499D06F006308E9 /* VisionRectangleTracking */;
			targetProxy = 86B8F2262499D073006308E9 /* PBXContainerItemProxy */;
		};
/* End PBXTargetDependency section */

/* Begin PBXVariantGroup section */
		86B8F20D2499D06F006308E9 /* Main.storyboard */ = {
			isa = PBXVariantGroup;
			children = (
				86B8F20E2499D06F006308E9 /* Base */,
			);
			name = Main.storyboard;
			sourceTree = "<group>";
		};
		86B8F2122499D073006308E9 /* LaunchScreen.storyboard */ = {
			isa = PBXVariantGroup;
			children = (
				86B8F2132499D073006308E9 /* Base */,
			);
			name = LaunchScreen.storyboard;
			sourceTree = "<group>";
		};
/* End PBXVariantGroup section */

/* Begin XCBuildConfiguration section */
		86B8F22C2499D073006308E9 /* Debug */ = {
			isa = XCBuildConfiguration;
			buildSettings = {
				ALWAYS_SEARCH_USER_PATHS = NO;
				CLANG_ANALYZER_NONNULL = YES;
				CLANG_ANALYZER_NUMBER_OBJECT_CONVERSION = YES_AGGRESSIVE;
				CLANG_CXX_LANGUAGE_STANDARD = "gnu++14";
				CLANG_CXX_LIBRARY = "libc++";
				CLANG_ENABLE_MODULES = YES;
				CLANG_ENABLE_OBJC_ARC = YES;
				CLANG_ENABLE_OBJC_WEAK = YES;
				CLANG_WARN_BLOCK_CAPTURE_AUTORELEASING = YES;
				CLANG_WARN_BOOL_CONVERSION = YES;
				CLANG_WARN_COMMA = YES;
				CLANG_WARN_CONSTANT_CONVERSION = YES;
				CLANG_WARN_DEPRECATED_OBJC_IMPLEMENTATIONS = YES;
				CLANG_WARN_DIRECT_OBJC_ISA_USAGE = YES_ERROR;
				CLANG_WARN_DOCUMENTATION_COMMENTS = YES;
				CLANG_WARN_EMPTY_BODY = YES;
				CLANG_WARN_ENUM_CONVERSION = YES;
				CLANG_WARN_INFINITE_RECURSION = YES;
				CLANG_WARN_INT_CONVERSION = YES;
				CLANG_WARN_NON_LITERAL_NULL_CONVERSION = YES;
				CLANG_WARN_OBJC_IMPLICIT_RETAIN_SELF = YES;
				CLANG_WARN_OBJC_LITERAL_CONVERSION = YES;
				CLANG_WARN_OBJC_ROOT_CLASS = YES_ERROR;
				CLANG_WARN_RANGE_LOOP_ANALYSIS = YES;
				CLANG_WARN_STRICT_PROTOTYPES = YES;
				CLANG_WARN_SUSPICIOUS_MOVE = YES;
				CLANG_WARN_UNGUARDED_AVAILABILITY = YES_AGGRESSIVE;
				CLANG_WARN_UNREACHABLE_CODE = YES;
				CLANG_WARN__DUPLICATE_METHOD_MATCH = YES;
				COPY_PHASE_STRIP = NO;
				DEBUG_INFORMATION_FORMAT = dwarf;
				ENABLE_STRICT_OBJC_MSGSEND = YES;
				ENABLE_TESTABILITY = YES;
				GCC_C_LANGUAGE_STANDARD = gnu11;
				GCC_DYNAMIC_NO_PIC = NO;
				GCC_NO_COMMON_BLOCKS = YES;
				GCC_OPTIMIZATION_LEVEL = 0;
				GCC_PREPROCESSOR_DEFINITIONS = (
					"DEBUG=1",
					"$(inherited)",
				);
				GCC_WARN_64_TO_32_BIT_CONVERSION = YES;
				GCC_WARN_ABOUT_RETURN_TYPE = YES_ERROR;
				GCC_WARN_UNDECLARED_SELECTOR = YES;
				GCC_WARN_UNINITIALIZED_AUTOS = YES_AGGRESSIVE;
				GCC_WARN_UNUSED_FUNCTION = YES;
				GCC_WARN_UNUSED_VARIABLE = YES;
				IPHONEOS_DEPLOYMENT_TARGET = 13.5;
				MTL_ENABLE_DEBUG_INFO = INCLUDE_SOURCE;
				MTL_FAST_MATH = YES;
				ONLY_ACTIVE_ARCH = YES;
				SDKROOT = iphoneos;
				SWIFT_ACTIVE_COMPILATION_CONDITIONS = DEBUG;
				SWIFT_OPTIMIZATION_LEVEL = "-Onone";
			};
			name = Debug;
		};
		86B8F22D2499D073006308E9 /* Release */ = {
			isa = XCBuildConfiguration;
			buildSettings = {
				ALWAYS_SEARCH_USER_PATHS = NO;
				CLANG_ANALYZER_NONNULL = YES;
				CLANG_ANALYZER_NUMBER_OBJECT_CONVERSION = YES_AGGRESSIVE;
				CLANG_CXX_LANGUAGE_STANDARD = "gnu++14";
				CLANG_CXX_LIBRARY = "libc++";
				CLANG_ENABLE_MODULES = YES;
				CLANG_ENABLE_OBJC_ARC = YES;
				CLANG_ENABLE_OBJC_WEAK = YES;
				CLANG_WARN_BLOCK_CAPTURE_AUTORELEASING = YES;
				CLANG_WARN_BOOL_CONVERSION = YES;
				CLANG_WARN_COMMA = YES;
				CLANG_WARN_CONSTANT_CONVERSION = YES;
				CLANG_WARN_DEPRECATED_OBJC_IMPLEMENTATIONS = YES;
				CLANG_WARN_DIRECT_OBJC_ISA_USAGE = YES_ERROR;
				CLANG_WARN_DOCUMENTATION_COMMENTS = YES;
				CLANG_WARN_EMPTY_BODY = YES;
				CLANG_WARN_ENUM_CONVERSION = YES;
				CLANG_WARN_INFINITE_RECURSION = YES;
				CLANG_WARN_INT_CONVERSION = YES;
				CLANG_WARN_NON_LITERAL_NULL_CONVERSION = YES;
				CLANG_WARN_OBJC_IMPLICIT_RETAIN_SELF = YES;
				CLANG_WARN_OBJC_LITERAL_CONVERSION = YES;
				CLANG_WARN_OBJC_ROOT_CLASS = YES_ERROR;
				CLANG_WARN_RANGE_LOOP_ANALYSIS = YES;
				CLANG_WARN_STRICT_PROTOTYPES = YES;
				CLANG_WARN_SUSPICIOUS_MOVE = YES;
				CLANG_WARN_UNGUARDED_AVAILABILITY = YES_AGGRESSIVE;
				CLANG_WARN_UNREACHABLE_CODE = YES;
				CLANG_WARN__DUPLICATE_METHOD_MATCH = YES;
				COPY_PHASE_STRIP = NO;
				DEBUG_INFORMATION_FORMAT = "dwarf-with-dsym";
				ENABLE_NS_ASSERTIONS = NO;
				ENABLE_STRICT_OBJC_MSGSEND = YES;
				GCC_C_LANGUAGE_STANDARD = gnu11;
				GCC_NO_COMMON_BLOCKS = YES;
				GCC_WARN_64_TO_32_BIT_CONVERSION = YES;
				GCC_WARN_ABOUT_RETURN_TYPE = YES_ERROR;
				GCC_WARN_UNDECLARED_SELECTOR = YES;
				GCC_WARN_UNINITIALIZED_AUTOS = YES_AGGRESSIVE;
				GCC_WARN_UNUSED_FUNCTION = YES;
				GCC_WARN_UNUSED_VARIABLE = YES;
				IPHONEOS_DEPLOYMENT_TARGET = 13.5;
				MTL_ENABLE_DEBUG_INFO = NO;
				MTL_FAST_MATH = YES;
				SDKROOT = iphoneos;
				SWIFT_COMPILATION_MODE = wholemodule;
				SWIFT_OPTIMIZATION_LEVEL = "-O";
				VALIDATE_PRODUCT = YES;
			};
			name = Release;
		};
		86B8F22F2499D073006308E9 /* Debug */ = {
			isa = XCBuildConfiguration;
			buildSettings = {
				ASSETCATALOG_COMPILER_APPICON_NAME = AppIcon;
				CODE_SIGN_STYLE = Automatic;
				DEVELOPMENT_TEAM = 6UWE2EP59T;
				INFOPLIST_FILE = VisionRectangleTracking/Info.plist;
				IPHONEOS_DEPLOYMENT_TARGET = 12.4;
				LD_RUNPATH_SEARCH_PATHS = (
					"$(inherited)",
					"@executable_path/Frameworks",
				);
				PRODUCT_BUNDLE_IDENTIFIER = com.vvc.VisionRectangleTracking;
				PRODUCT_NAME = "$(TARGET_NAME)";
				SWIFT_VERSION = 5.0;
				TARGETED_DEVICE_FAMILY = "1,2";
			};
			name = Debug;
		};
		86B8F2302499D073006308E9 /* Release */ = {
			isa = XCBuildConfiguration;
			buildSettings = {
				ASSETCATALOG_COMPILER_APPICON_NAME = AppIcon;
				CODE_SIGN_STYLE = Automatic;
				DEVELOPMENT_TEAM = 6UWE2EP59T;
				INFOPLIST_FILE = VisionRectangleTracking/Info.plist;
				IPHONEOS_DEPLOYMENT_TARGET = 12.4;
				LD_RUNPATH_SEARCH_PATHS = (
					"$(inherited)",
					"@executable_path/Frameworks",
				);
				PRODUCT_BUNDLE_IDENTIFIER = com.vvc.VisionRectangleTracking;
				PRODUCT_NAME = "$(TARGET_NAME)";
				SWIFT_VERSION = 5.0;
				TARGETED_DEVICE_FAMILY = "1,2";
			};
			name = Release;
		};
		86B8F2322499D073006308E9 /* Debug */ = {
			isa = XCBuildConfiguration;
			buildSettings = {
				ALWAYS_EMBED_SWIFT_STANDARD_LIBRARIES = YES;
				BUNDLE_LOADER = "$(TEST_HOST)";
				CODE_SIGN_STYLE = Automatic;
				DEVELOPMENT_TEAM = 6UWE2EP59T;
				INFOPLIST_FILE = VisionRectangleTrackingTests/Info.plist;
				IPHONEOS_DEPLOYMENT_TARGET = 13.5;
				LD_RUNPATH_SEARCH_PATHS = (
					"$(inherited)",
					"@executable_path/Frameworks",
					"@loader_path/Frameworks",
				);
				PRODUCT_BUNDLE_IDENTIFIER = com.vvc.VisionRectangleTrackingTests;
				PRODUCT_NAME = "$(TARGET_NAME)";
				SWIFT_VERSION = 5.0;
				TARGETED_DEVICE_FAMILY = "1,2";
				TEST_HOST = "$(BUILT_PRODUCTS_DIR)/VisionRectangleTracking.app/VisionRectangleTracking";
			};
			name = Debug;
		};
		86B8F2332499D073006308E9 /* Release */ = {
			isa = XCBuildConfiguration;
			buildSettings = {
				ALWAYS_EMBED_SWIFT_STANDARD_LIBRARIES = YES;
				BUNDLE_LOADER = "$(TEST_HOST)";
				CODE_SIGN_STYLE = Automatic;
				DEVELOPMENT_TEAM = 6UWE2EP59T;
				INFOPLIST_FILE = VisionRectangleTrackingTests/Info.plist;
				IPHONEOS_DEPLOYMENT_TARGET = 13.5;
				LD_RUNPATH_SEARCH_PATHS = (
					"$(inherited)",
					"@executable_path/Frameworks",
					"@loader_path/Frameworks",
				);
				PRODUCT_BUNDLE_IDENTIFIER = com.vvc.VisionRectangleTrackingTests;
				PRODUCT_NAME = "$(TARGET_NAME)";
				SWIFT_VERSION = 5.0;
				TARGETED_DEVICE_FAMILY = "1,2";
				TEST_HOST = "$(BUILT_PRODUCTS_DIR)/VisionRectangleTracking.app/VisionRectangleTracking";
			};
			name = Release;
		};
		86B8F2352499D073006308E9 /* Debug */ = {
			isa = XCBuildConfiguration;
			buildSettings = {
				ALWAYS_EMBED_SWIFT_STANDARD_LIBRARIES = YES;
				CODE_SIGN_STYLE = Automatic;
				DEVELOPMENT_TEAM = 6UWE2EP59T;
				INFOPLIST_FILE = VisionRectangleTrackingUITests/Info.plist;
				LD_RUNPATH_SEARCH_PATHS = (
					"$(inherited)",
					"@executable_path/Frameworks",
					"@loader_path/Frameworks",
				);
				PRODUCT_BUNDLE_IDENTIFIER = com.vvc.VisionRectangleTrackingUITests;
				PRODUCT_NAME = "$(TARGET_NAME)";
				SWIFT_VERSION = 5.0;
				TARGETED_DEVICE_FAMILY = "1,2";
				TEST_TARGET_NAME = VisionRectangleTracking;
			};
			name = Debug;
		};
		86B8F2362499D073006308E9 /* Release */ = {
			isa = XCBuildConfiguration;
			buildSettings = {
				ALWAYS_EMBED_SWIFT_STANDARD_LIBRARIES = YES;
				CODE_SIGN_STYLE = Automatic;
				DEVELOPMENT_TEAM = 6UWE2EP59T;
				INFOPLIST_FILE = VisionRectangleTrackingUITests/Info.plist;
				LD_RUNPATH_SEARCH_PATHS = (
					"$(inherited)",
					"@executable_path/Frameworks",
					"@loader_path/Frameworks",
				);
				PRODUCT_BUNDLE_IDENTIFIER = com.vvc.VisionRectangleTrackingUITests;
				PRODUCT_NAME = "$(TARGET_NAME)";
				SWIFT_VERSION = 5.0;
				TARGETED_DEVICE_FAMILY = "1,2";
				TEST_TARGET_NAME = VisionRectangleTracking;
			};
			name = Release;
		};
/* End XCBuildConfiguration section */

/* Begin XCConfigurationList section */
		86B8F1FF2499D06F006308E9 /* Build configuration list for PBXProject "VisionRectangleTracking" */ = {
			isa = XCConfigurationList;
			buildConfigurations = (
				86B8F22C2499D073006308E9 /* Debug */,
				86B8F22D2499D073006308E9 /* Release */,
			);
			defaultConfigurationIsVisible = 0;
			defaultConfigurationName = Release;
		};
		86B8F22E2499D073006308E9 /* Build configuration list for PBXNativeTarget "VisionRectangleTracking" */ = {
			isa = XCConfigurationList;
			buildConfigurations = (
				86B8F22F2499D073006308E9 /* Debug */,
				86B8F2302499D073006308E9 /* Release */,
			);
			defaultConfigurationIsVisible = 0;
			defaultConfigurationName = Release;
		};
		86B8F2312499D073006308E9 /* Build configuration list for PBXNativeTarget "VisionRectangleTrackingTests" */ = {
			isa = XCConfigurationList;
			buildConfigurations = (
				86B8F2322499D073006308E9 /* Debug */,
				86B8F2332499D073006308E9 /* Release */,
			);
			defaultConfigurationIsVisible = 0;
			defaultConfigurationName = Release;
		};
		86B8F2342499D073006308E9 /* Build configuration list for PBXNativeTarget "VisionRectangleTrackingUITests" */ = {
			isa = XCConfigurationList;
			buildConfigurations = (
				86B8F2352499D073006308E9 /* Debug */,
				86B8F2362499D073006308E9 /* Release */,
			);
			defaultConfigurationIsVisible = 0;
			defaultConfigurationName = Release;
		};
/* End XCConfigurationList section */
	};
	rootObject = 86B8F1FC2499D06F006308E9 /* Project object */;
}
